Microsoft Visual Studio Solution File, Format Version 11.00
# Visual Studio 2008

Project("{D14AC56C-417C-9254-5FA6-9E24477DB956}") = "mockone", "Assembly-CSharp.csproj", "{B8CD4C53-804C-611E-015A-9F72AE44BE1B}"
EndProject
Global
	GlobalSection(SolutionConfigurationPlatforms) = preSolution
		Debug|Any CPU = Debug|Any CPU
		Release|Any CPU = Release|Any CPU
	EndGlobalSection
	GlobalSection(ProjectConfigurationPlatforms) = postSolution
		{B8CD4C53-804C-611E-015A-9F72AE44BE1B}.Debug|Any CPU.ActiveCfg = Debug|Any CPU
		{B8CD4C53-804C-611E-015A-9F72AE44BE1B}.Debug|Any CPU.Build.0 = Debug|Any CPU
		{B8CD4C53-804C-611E-015A-9F72AE44BE1B}.Release|Any CPU.ActiveCfg = Release|Any CPU
		{B8CD4C53-804C-611E-015A-9F72AE44BE1B}.Release|Any CPU.Build.0 = Release|Any CPU
	EndGlobalSection
	GlobalSection(SolutionProperties) = preSolution
		HideSolutionNode = FALSE
	EndGlobalSection
	GlobalSection(MonoDevelopProperties) = preSolution
		StartupItem = Assembly-CSharp.csproj
	EndGlobalSection
EndGlobal
